
Microsoft Visual Studio Solution File, Format Version 12.00
# Visual Studio Version 16
VisualStudioVersion = 16.0.30011.22
MinimumVisualStudioVersion = 10.0.40219.1
Project("{888888A0-9F3D-457C-B088-3A5042F75D52}") = "ахфыхвахывахыва", "ахфыхвахывахыва\ахфыхвахывахыва.pyproj", "{99CA2C63-7B11-43B1-BDEC-31948C163CDD}"
EndProject
Global
	GlobalSection(SolutionConfigurationPlatforms) = preSolution
		Debug|Any CPU = Debug|Any CPU
		Release|Any CPU = Release|Any CPU
	EndGlobalSection
	GlobalSection(ProjectConfigurationPlatforms) = postSolution
		{99CA2C63-7B11-43B1-BDEC-31948C163CDD}.Debug|Any CPU.ActiveCfg = Debug|Any CPU
		{99CA2C63-7B11-43B1-BDEC-31948C163CDD}.Release|Any CPU.ActiveCfg = Release|Any CPU
	EndGlobalSection
	GlobalSection(SolutionProperties) = preSolution
		HideSolutionNode = FALSE
	EndGlobalSection
	GlobalSection(ExtensibilityGlobals) = postSolution
		SolutionGuid = {96F3F589-4DD1-40FF-B22C-B261BDAE2E83}
	EndGlobalSection
EndGlobal
